
Microsoft Visual Studio Solution File, Format Version 12.00
# Visual Studio Version 17
VisualStudioVersion = 17.7.34031.279
MinimumVisualStudioVersion = 10.0.40219.1
Project("{2150E333-8FDC-42A3-9474-1A3956D46DE8}") = "src", "src", "{2FCE5656-566D-40F4-99AE-61ED7B687354}"
EndProject
Project("{FAE04EC0-301F-11D3-BF4B-00C04F79EFBC}") = "ConsoleProject", "src\ConsoleProject\ConsoleProject.csproj", "{02CC882B-51F3-4A2E-96F9-9927794B5E12}"
EndProject
Project("{FAE04EC0-301F-11D3-BF4B-00C04F79EFBC}") = "WebApiProject", "src\WebApiProject\WebApiProject.csproj", "{469678BD-6E65-4DA0-BB71-D2D54460909B}"
EndProject
Project("{FAE04EC0-301F-11D3-BF4B-00C04F79EFBC}") = "TestProject", "src\TestProject\TestProject.csproj", "{7DEDF9B5-02FB-432E-84C9-C69E32BEF04F}"
EndProject
Global
	GlobalSection(SolutionConfigurationPlatforms) = preSolution
		Debug|Any CPU = Debug|Any CPU
		Release|Any CPU = Release|Any CPU
	EndGlobalSection
	GlobalSection(ProjectConfigurationPlatforms) = postSolution
		{02CC882B-51F3-4A2E-96F9-9927794B5E12}.Debug|Any CPU.ActiveCfg = Debug|Any CPU
		{02CC882B-51F3-4A2E-96F9-9927794B5E12}.Debug|Any CPU.Build.0 = Debug|Any CPU
		{02CC882B-51F3-4A2E-96F9-9927794B5E12}.Release|Any CPU.ActiveCfg = Release|Any CPU
		{02CC882B-51F3-4A2E-96F9-9927794B5E12}.Release|Any CPU.Build.0 = Release|Any CPU
		{469678BD-6E65-4DA0-BB71-D2D54460909B}.Debug|Any CPU.ActiveCfg = Debug|Any CPU
		{469678BD-6E65-4DA0-BB71-D2D54460909B}.Debug|Any CPU.Build.0 = Debug|Any CPU
		{469678BD-6E65-4DA0-BB71-D2D54460909B}.Release|Any CPU.ActiveCfg = Release|Any CPU
		{469678BD-6E65-4DA0-BB71-D2D54460909B}.Release|Any CPU.Build.0 = Release|Any CPU
		{7DEDF9B5-02FB-432E-84C9-C69E32BEF04F}.Debug|Any CPU.ActiveCfg = Debug|Any CPU
		{7DEDF9B5-02FB-432E-84C9-C69E32BEF04F}.Debug|Any CPU.Build.0 = Debug|Any CPU
		{7DEDF9B5-02FB-432E-84C9-C69E32BEF04F}.Release|Any CPU.ActiveCfg = Release|Any CPU
		{7DEDF9B5-02FB-432E-84C9-C69E32BEF04F}.Release|Any CPU.Build.0 = Release|Any CPU
	EndGlobalSection
	GlobalSection(SolutionProperties) = preSolution
		HideSolutionNode = FALSE
	EndGlobalSection
	GlobalSection(NestedProjects) = preSolution
		{02CC882B-51F3-4A2E-96F9-9927794B5E12} = {2FCE5656-566D-40F4-99AE-61ED7B687354}
		{469678BD-6E65-4DA0-BB71-D2D54460909B} = {2FCE5656-566D-40F4-99AE-61ED7B687354}
		{7DEDF9B5-02FB-432E-84C9-C69E32BEF04F} = {2FCE5656-566D-40F4-99AE-61ED7B687354}
	EndGlobalSection
	GlobalSection(ExtensibilityGlobals) = postSolution
		SolutionGuid = {167B6D26-975B-4AEE-B17C-C0A51BC4BC75}
	EndGlobalSection
EndGlobal
